
Microsoft Visual Studio Solution File, Format Version 12.00
# Visual Studio Version 17
VisualStudioVersion = 17.14.36221.1 d17.14
MinimumVisualStudioVersion = 10.0.40219.1
Project("{FAE04EC0-301F-11D3-BF4B-00C04F79EFBC}") = "orange", "orange\orange.csproj", "{3E790902-ECF1-494C-8975-8F6672388DF8}"
EndProject
Project("{FAE04EC0-301F-11D3-BF4B-00C04F79EFBC}") = "orangelib", "orangelib\orangelib.csproj", "{0471B599-AEFF-40F0-A644-F4C48F39635A}"
EndProject
Global
	GlobalSection(SolutionConfigurationPlatforms) = preSolution
		Debug|Any CPU = Debug|Any CPU
		Release|Any CPU = Release|Any CPU
	EndGlobalSection
	GlobalSection(ProjectConfigurationPlatforms) = postSolution
		{3E790902-ECF1-494C-8975-8F6672388DF8}.Debug|Any CPU.ActiveCfg = Debug|Any CPU
		{3E790902-ECF1-494C-8975-8F6672388DF8}.Debug|Any CPU.Build.0 = Debug|Any CPU
		{3E790902-ECF1-494C-8975-8F6672388DF8}.Release|Any CPU.ActiveCfg = Release|Any CPU
		{3E790902-ECF1-494C-8975-8F6672388DF8}.Release|Any CPU.Build.0 = Release|Any CPU
		{0471B599-AEFF-40F0-A644-F4C48F39635A}.Debug|Any CPU.ActiveCfg = Debug|Any CPU
		{0471B599-AEFF-40F0-A644-F4C48F39635A}.Debug|Any CPU.Build.0 = Debug|Any CPU
		{0471B599-AEFF-40F0-A644-F4C48F39635A}.Release|Any CPU.ActiveCfg = Release|Any CPU
		{0471B599-AEFF-40F0-A644-F4C48F39635A}.Release|Any CPU.Build.0 = Release|Any CPU
	EndGlobalSection
	GlobalSection(SolutionProperties) = preSolution
		HideSolutionNode = FALSE
	EndGlobalSection
	GlobalSection(ExtensibilityGlobals) = postSolution
		SolutionGuid = {47D529B4-57A7-43B9-A700-AC62D08DD916}
	EndGlobalSection
EndGlobal
